
Microsoft Visual Studio Solution File, Format Version 12.00
# Visual Studio Version 17
VisualStudioVersion = 17.13.35931.197 d17.13
MinimumVisualStudioVersion = 10.0.40219.1
Project("{FAE04EC0-301F-11D3-BF4B-00C04F79EFBC}") = "SistemaRestaurante", "SistemaRestaurante\SistemaRestaurante.csproj", "{A442F542-23E5-416E-9BB6-0BC6336C6693}"
EndProject
Global
	GlobalSection(SolutionConfigurationPlatforms) = preSolution
		Debug|Any CPU = Debug|Any CPU
		Release|Any CPU = Release|Any CPU
	EndGlobalSection
	GlobalSection(ProjectConfigurationPlatforms) = postSolution
		{A442F542-23E5-416E-9BB6-0BC6336C6693}.Debug|Any CPU.ActiveCfg = Debug|Any CPU
		{A442F542-23E5-416E-9BB6-0BC6336C6693}.Debug|Any CPU.Build.0 = Debug|Any CPU
		{A442F542-23E5-416E-9BB6-0BC6336C6693}.Release|Any CPU.ActiveCfg = Release|Any CPU
		{A442F542-23E5-416E-9BB6-0BC6336C6693}.Release|Any CPU.Build.0 = Release|Any CPU
	EndGlobalSection
	GlobalSection(SolutionProperties) = preSolution
		HideSolutionNode = FALSE
	EndGlobalSection
	GlobalSection(ExtensibilityGlobals) = postSolution
		SolutionGuid = {ECFDDFC9-DFD4-45F4-BF2E-13A584044243}
	EndGlobalSection
EndGlobal
